{
  "requires": true,
  "lockfileVersion": 1,
  "dependencies": {
    "susy": {
      "version": "3.0.6",
      "resolved": "https://registry.npmjs.org/susy/-/susy-3.0.6.tgz",
      "integrity": "sha512-uf2rx5VvynBwa53eqOsis6iDmyQZOm1ydkuaMfSUo5tkp1190+BPcE/YpwFxhLHYkS/ZiiQVIJ+sKyRYl4dtiw=="
    }
  }
}
